
Microsoft Visual Studio Solution File, Format Version 12.00
# Visual Studio Version 16
VisualStudioVersion = 16.0.31424.327
MinimumVisualStudioVersion = 10.0.40219.1
Project("{9A19103F-16F7-4668-BE54-9A1E7A4F7556}") = "DataAccess", "DataAccess\DataAccess.csproj", "{2C30F05C-0C71-4865-814D-B8B752B60D9A}"
EndProject
Project("{9A19103F-16F7-4668-BE54-9A1E7A4F7556}") = "Business", "Business\Business.csproj", "{EE4B660E-8D2D-4A26-B33F-0A3DE3302943}"
EndProject
Project("{9A19103F-16F7-4668-BE54-9A1E7A4F7556}") = "Entities", "Entities\Entities.csproj", "{C3FF8DDB-E2A4-4A5E-A7C6-C063AE7E2232}"
EndProject
Project("{9A19103F-16F7-4668-BE54-9A1E7A4F7556}") = "ConsoleUI", "ConsoleUI\ConsoleUI.csproj", "{83BFB589-F15F-4D80-8087-06D8124BE84E}"
EndProject
Project("{9A19103F-16F7-4668-BE54-9A1E7A4F7556}") = "Core", "Core\Core.csproj", "{4FA19A25-4CCF-4E83-B48C-4B12FA7A7036}"
EndProject
Project("{FAE04EC0-301F-11D3-BF4B-00C04F79EFBC}") = "WebAPI", "WebAPI\WebAPI.csproj", "{5C60A74A-17EB-4E66-A3D7-D994A7411F57}"
EndProject
Global
	GlobalSection(SolutionConfigurationPlatforms) = preSolution
		Debug|Any CPU = Debug|Any CPU
		Release|Any CPU = Release|Any CPU
	EndGlobalSection
	GlobalSection(ProjectConfigurationPlatforms) = postSolution
		{2C30F05C-0C71-4865-814D-B8B752B60D9A}.Debug|Any CPU.ActiveCfg = Debug|Any CPU
		{2C30F05C-0C71-4865-814D-B8B752B60D9A}.Debug|Any CPU.Build.0 = Debug|Any CPU
		{2C30F05C-0C71-4865-814D-B8B752B60D9A}.Release|Any CPU.ActiveCfg = Release|Any CPU
		{2C30F05C-0C71-4865-814D-B8B752B60D9A}.Release|Any CPU.Build.0 = Release|Any CPU
		{EE4B660E-8D2D-4A26-B33F-0A3DE3302943}.Debug|Any CPU.ActiveCfg = Debug|Any CPU
		{EE4B660E-8D2D-4A26-B33F-0A3DE3302943}.Debug|Any CPU.Build.0 = Debug|Any CPU
		{EE4B660E-8D2D-4A26-B33F-0A3DE3302943}.Release|Any CPU.ActiveCfg = Release|Any CPU
		{EE4B660E-8D2D-4A26-B33F-0A3DE3302943}.Release|Any CPU.Build.0 = Release|Any CPU
		{C3FF8DDB-E2A4-4A5E-A7C6-C063AE7E2232}.Debug|Any CPU.ActiveCfg = Debug|Any CPU
		{C3FF8DDB-E2A4-4A5E-A7C6-C063AE7E2232}.Debug|Any CPU.Build.0 = Debug|Any CPU
		{C3FF8DDB-E2A4-4A5E-A7C6-C063AE7E2232}.Release|Any CPU.ActiveCfg = Release|Any CPU
		{C3FF8DDB-E2A4-4A5E-A7C6-C063AE7E2232}.Release|Any CPU.Build.0 = Release|Any CPU
		{83BFB589-F15F-4D80-8087-06D8124BE84E}.Debug|Any CPU.ActiveCfg = Debug|Any CPU
		{83BFB589-F15F-4D80-8087-06D8124BE84E}.Debug|Any CPU.Build.0 = Debug|Any CPU
		{83BFB589-F15F-4D80-8087-06D8124BE84E}.Release|Any CPU.ActiveCfg = Release|Any CPU
		{83BFB589-F15F-4D80-8087-06D8124BE84E}.Release|Any CPU.Build.0 = Release|Any CPU
		{4FA19A25-4CCF-4E83-B48C-4B12FA7A7036}.Debug|Any CPU.ActiveCfg = Debug|Any CPU
		{4FA19A25-4CCF-4E83-B48C-4B12FA7A7036}.Debug|Any CPU.Build.0 = Debug|Any CPU
		{4FA19A25-4CCF-4E83-B48C-4B12FA7A7036}.Release|Any CPU.ActiveCfg = Release|Any CPU
		{4FA19A25-4CCF-4E83-B48C-4B12FA7A7036}.Release|Any CPU.Build.0 = Release|Any CPU
		{5C60A74A-17EB-4E66-A3D7-D994A7411F57}.Debug|Any CPU.ActiveCfg = Debug|Any CPU
		{5C60A74A-17EB-4E66-A3D7-D994A7411F57}.Debug|Any CPU.Build.0 = Debug|Any CPU
		{5C60A74A-17EB-4E66-A3D7-D994A7411F57}.Release|Any CPU.ActiveCfg = Release|Any CPU
		{5C60A74A-17EB-4E66-A3D7-D994A7411F57}.Release|Any CPU.Build.0 = Release|Any CPU
	EndGlobalSection
	GlobalSection(SolutionProperties) = preSolution
		HideSolutionNode = FALSE
	EndGlobalSection
	GlobalSection(ExtensibilityGlobals) = postSolution
		SolutionGuid = {C7DCF689-9A79-4020-BCEC-8E786020C93F}
	EndGlobalSection
EndGlobal
